// !$*UTF8*$!
{
	archiveVersion = 1;
	classes = {
	};
	objectVersion = 46;
	objects = {

/* Begin PBXBuildFile section */
		DE2B2B361BCD717D00505B95 /* main.m in Sources */ = {isa = PBXBuildFile; fileRef = DE2B2B351BCD717D00505B95 /* main.m */; };
		DE2B2B391BCD717D00505B95 /* AppDelegate.m in Sources */ = {isa = PBXBuildFile; fileRef = DE2B2B381BCD717D00505B95 /* AppDelegate.m */; };
		DE2B2B3C1BCD717D00505B95 /* ViewController.m in Sources */ = {isa = PBXBuildFile; fileRef = DE2B2B3B1BCD717D00505B95 /* ViewController.m */; };
		DE2B2B3F1BCD717D00505B95 /* Main.storyboard in Resources */ = {isa = PBXBuildFile; fileRef = DE2B2B3D1BCD717D00505B95 /* Main.storyboard */; };
		DE2B2B411BCD717D00505B95 /* Images.xcassets in Resources */ = {isa = PBXBuildFile; fileRef = DE2B2B401BCD717D00505B95 /* Images.xcassets */; };
		DE2B2B441BCD717D00505B95 /* LaunchScreen.xib in Resources */ = {isa = PBXBuildFile; fileRef = DE2B2B421BCD717D00505B95 /* LaunchScreen.xib */; };
		DE2B2B501BCD717D00505B95 /* Student_AssistantTests.m in Sources */ = {isa = PBXBuildFile; fileRef = DE2B2B4F1BCD717D00505B95 /* Student_AssistantTests.m */; };
/* End PBXBuildFile section */

/* Begin PBXContainerItemProxy section */
		DE2B2B4A1BCD717D00505B95 /* PBXContainerItemProxy */ = {
			isa = PBXContainerItemProxy;
			containerPortal = DE2B2B281BCD717D00505B95 /* Project object */;
			proxyType = 1;
			remoteGlobalIDString = DE2B2B2F1BCD717D00505B95;
			remoteInfo = "Student Assistant";
		};
/* End PBXContainerItemProxy section */

/* Begin PBXFileReference section */
		DE2B2B301BCD717D00505B95 /* Student Assistant.app */ = {isa = PBXFileReference; explicitFileType = wrapper.application; includeInIndex = 0; path = "Student Assistant.app"; sourceTree = BUILT_PRODUCTS_DIR; };
		DE2B2B341BCD717D00505B95 /* Info.plist */ = {isa = PBXFileReference; lastKnownFileType = text.plist.xml; path = Info.plist; sourceTree = "<group>"; };
		DE2B2B351BCD717D00505B95 /* main.m */ = {isa = PBXFileReference; lastKnownFileType = sourcecode.c.objc; path = main.m; sourceTree = "<group>"; };
		DE2B2B371BCD717D00505B95 /* AppDelegate.h */ = {isa = PBXFileReference; lastKnownFileType = sourcecode.c.h; path = AppDelegate.h; sourceTree = "<group>"; };
		DE2B2B381BCD717D00505B95 /* AppDelegate.m */ = {isa = PBXFileReference; lastKnownFileType = sourcecode.c.objc; path = AppDelegate.m; sourceTree = "<group>"; };
		DE2B2B3A1BCD717D00505B95 /* ViewController.h */ = {isa = PBXFileReference; lastKnownFileType = sourcecode.c.h; path = ViewController.h; sourceTree = "<group>"; };
		DE2B2B3B1BCD717D00505B95 /* ViewController.m */ = {isa = PBXFileReference; lastKnownFileType = sourcecode.c.objc; path = ViewController.m; sourceTree = "<group>"; };
		DE2B2B3E1BCD717D00505B95 /* Base */ = {isa = PBXFileReference; lastKnownFileType = file.storyboard; name = Base; path = Base.lproj/Main.storyboard; sourceTree = "<group>"; };
		DE2B2B401BCD717D00505B95 /* Images.xcassets */ = {isa = PBXFileReference; lastKnownFileType = folder.assetcatalog; path = Images.xcassets; sourceTree = "<group>"; };
		DE2B2B431BCD717D00505B95 /* Base */ = {isa = PBXFileReference; lastKnownFileType = file.xib; name = Base; path = Base.lproj/LaunchScreen.xib; sourceTree = "<group>"; };
		DE2B2B491BCD717D00505B95 /* Student AssistantTests.xctest */ = {isa = PBXFileReference; explicitFileType = wrapper.cfbundle; includeInIndex = 0; path = "Student AssistantTests.xctest"; sourceTree = BUILT_PRODUCTS_DIR; };
		DE2B2B4E1BCD717D00505B95 /* Info.plist */ = {isa = PBXFileReference; lastKnownFileType = text.plist.xml; path = Info.plist; sourceTree = "<group>"; };
		DE2B2B4F1BCD717D00505B95 /* Student_AssistantTests.m */ = {isa = PBXFileReference; lastKnownFileType = sourcecode.c.objc; path = Student_AssistantTests.m; sourceTree = "<group>"; };
/* End PBXFileReference section */

/* Begin PBXFrameworksBuildPhase section */
		DE2B2B2D1BCD717D00505B95 /* Frameworks */ = {
			isa = PBXFrameworksBuildPhase;
			buildActionMask = 2147483647;
			files = (
			);
			runOnlyForDeploymentPostprocessing = 0;
		};
		DE2B2B461BCD717D00505B95 /* Frameworks */ = {
			isa = PBXFrameworksBuildPhase;
			buildActionMask = 2147483647;
			files = (
			);
			runOnlyForDeploymentPostprocessing = 0;
		};
/* End PBXFrameworksBuildPhase section */

/* Begin PBXGroup section */
		DE2B2B271BCD717D00505B95 = {
			isa = PBXGroup;
			children = (
				DE2B2B321BCD717D00505B95 /* Student Assistant */,
				DE2B2B4C1BCD717D00505B95 /* Student AssistantTests */,
				DE2B2B311BCD717D00505B95 /* Products */,
			);
			sourceTree = "<group>";
		};
		DE2B2B311BCD717D00505B95 /* Products */ = {
			isa = PBXGroup;
			children = (
				DE2B2B301BCD717D00505B95 /* Student Assistant.app */,
				DE2B2B491BCD717D00505B95 /* Student AssistantTests.xctest */,
			);
			name = Products;
			sourceTree = "<group>";
		};
		DE2B2B321BCD717D00505B95 /* Student Assistant */ = {
			isa = PBXGroup;
			children = (
				DE2B2B371BCD717D00505B95 /* AppDelegate.h */,
				DE2B2B381BCD717D00505B95 /* AppDelegate.m */,
				DE2B2B3A1BCD717D00505B95 /* ViewController.h */,
				DE2B2B3B1BCD717D00505B95 /* ViewController.m */,
				DE2B2B3D1BCD717D00505B95 /* Main.storyboard */,
				DE2B2B401BCD717D00505B95 /* Images.xcassets */,
				DE2B2B421BCD717D00505B95 /* LaunchScreen.xib */,
				DE2B2B331BCD717D00505B95 /* Supporting Files */,
			);
			path = "Student Assistant";
			sourceTree = "<group>";
		};
		DE2B2B331BCD717D00505B95 /* Supporting Files */ = {
			isa = PBXGroup;
			children = (
				DE2B2B341BCD717D00505B95 /* Info.plist */,
				DE2B2B351BCD717D00505B95 /* main.m */,
			);
			name = "Supporting Files";
			sourceTree = "<group>";
		};
		DE2B2B4C1BCD717D00505B95 /* Student AssistantTests */ = {
			isa = PBXGroup;
			children = (
				DE2B2B4F1BCD717D00505B95 /* Student_AssistantTests.m */,
				DE2B2B4D1BCD717D00505B95 /* Supporting Files */,
			);
			path = "Student AssistantTests";
			sourceTree = "<group>";
		};
		DE2B2B4D1BCD717D00505B95 /* Supporting Files */ = {
			isa = PBXGroup;
			children = (
				DE2B2B4E1BCD717D00505B95 /* Info.plist */,
			);
			name = "Supporting Files";
			sourceTree = "<group>";
		};
/* End PBXGroup section */

/* Begin PBXNativeTarget section */
		DE2B2B2F1BCD717D00505B95 /* Student Assistant */ = {
			isa = PBXNativeTarget;
			buildConfigurationList = DE2B2B531BCD717D00505B95 /* Build configuration list for PBXNativeTarget "Student Assistant" */;
			buildPhases = (
				DE2B2B2C1BCD717D00505B95 /* Sources */,
				DE2B2B2D1BCD717D00505B95 /* Frameworks */,
				DE2B2B2E1BCD717D00505B95 /* Resources */,
			);
			buildRules = (
			);
			dependencies = (
			);
			name = "Student Assistant";
			productName = "Student Assistant";
			productReference = DE2B2B301BCD717D00505B95 /* Student Assistant.app */;
			productType = "com.apple.product-type.application";
		};
		DE2B2B481BCD717D00505B95 /* Student AssistantTests */ = {
			isa = PBXNativeTarget;
			buildConfigurationList = DE2B2B561BCD717D00505B95 /* Build configuration list for PBXNativeTarget "Student AssistantTests" */;
			buildPhases = (
				DE2B2B451BCD717D00505B95 /* Sources */,
				DE2B2B461BCD717D00505B95 /* Frameworks */,
				DE2B2B471BCD717D00505B95 /* Resources */,
			);
			buildRules = (
			);
			dependencies = (
				DE2B2B4B1BCD717D00505B95 /* PBXTargetDependency */,
			);
			name = "Student AssistantTests";
			productName = "Student AssistantTests";
			productReference = DE2B2B491BCD717D00505B95 /* Student AssistantTests.xctest */;
			productType = "com.apple.product-type.bundle.unit-test";
		};
/* End PBXNativeTarget section */

/* Begin PBXProject section */
		DE2B2B281BCD717D00505B95 /* Project object */ = {
			isa = PBXProject;
			attributes = {
				LastUpgradeCheck = 0640;
				ORGANIZATIONNAME = Group7;
				TargetAttributes = {
					DE2B2B2F1BCD717D00505B95 = {
						CreatedOnToolsVersion = 6.4;
					};
					DE2B2B481BCD717D00505B95 = {
						CreatedOnToolsVersion = 6.4;
						TestTargetID = DE2B2B2F1BCD717D00505B95;
					};
				};
			};
			buildConfigurationList = DE2B2B2B1BCD717D00505B95 /* Build configuration list for PBXProject "Student Assistant" */;
			compatibilityVersion = "Xcode 3.2";
			developmentRegion = English;
			hasScannedForEncodings = 0;
			knownRegions = (
				en,
				Base,
			);
			mainGroup = DE2B2B271BCD717D00505B95;
			productRefGroup = DE2B2B311BCD717D00505B95 /* Products */;
			projectDirPath = "";
			projectRoot = "";
			targets = (
				DE2B2B2F1BCD717D00505B95 /* Student Assistant */,
				DE2B2B481BCD717D00505B95 /* Student AssistantTests */,
			);
		};
/* End PBXProject section */

/* Begin PBXResourcesBuildPhase section */
		DE2B2B2E1BCD717D00505B95 /* Resources */ = {
			isa = PBXResourcesBuildPhase;
			buildActionMask = 2147483647;
			files = (
				DE2B2B3F1BCD717D00505B95 /* Main.storyboard in Resources */,
				DE2B2B441BCD717D00505B95 /* LaunchScreen.xib in Resources */,
				DE2B2B411BCD717D00505B95 /* Images.xcassets in Resources */,
			);
			runOnlyForDeploymentPostprocessing = 0;
		};
		DE2B2B471BCD717D00505B95 /* Resources */ = {
			isa = PBXResourcesBuildPhase;
			buildActionMask = 2147483647;
			files = (
			);
			runOnlyForDeploymentPostprocessing = 0;
		};
/* End PBXResourcesBuildPhase section */

/* Begin PBXSourcesBuildPhase section */
		DE2B2B2C1BCD717D00505B95 /* Sources */ = {
			isa = PBXSourcesBuildPhase;
			buildActionMask = 2147483647;
			files = (
				DE2B2B3C1BCD717D00505B95 /* ViewController.m in Sources */,
				DE2B2B391BCD717D00505B95 /* AppDelegate.m in Sources */,
				DE2B2B361BCD717D00505B95 /* main.m in Sources */,
			);
			runOnlyForDeploymentPostprocessing = 0;
		};
		DE2B2B451BCD717D00505B95 /* Sources */ = {
			isa = PBXSourcesBuildPhase;
			buildActionMask = 2147483647;
			files = (
				DE2B2B501BCD717D00505B95 /* Student_AssistantTests.m in Sources */,
			);
			runOnlyForDeploymentPostprocessing = 0;
		};
/* End PBXSourcesBuildPhase section */

/* Begin PBXTargetDependency section */
		DE2B2B4B1BCD717D00505B95 /* PBXTargetDependency */ = {
			isa = PBXTargetDependency;
			target = DE2B2B2F1BCD717D00505B95 /* Student Assistant */;
			targetProxy = DE2B2B4A1BCD717D00505B95 /* PBXContainerItemProxy */;
		};
/* End PBXTargetDependency section */

/* Begin PBXVariantGroup section */
		DE2B2B3D1BCD717D00505B95 /* Main.storyboard */ = {
			isa = PBXVariantGroup;
			children = (
				DE2B2B3E1BCD717D00505B95 /* Base */,
			);
			name = Main.storyboard;
			sourceTree = "<group>";
		};
		DE2B2B421BCD717D00505B95 /* LaunchScreen.xib */ = {
			isa = PBXVariantGroup;
			children = (
				DE2B2B431BCD717D00505B95 /* Base */,
			);
			name = LaunchScreen.xib;
			sourceTree = "<group>";
		};
/* End PBXVariantGroup section */

/* Begin XCBuildConfiguration section */
		DE2B2B511BCD717D00505B95 /* Debug */ = {
			isa = XCBuildConfiguration;
			buildSettings = {
				ALWAYS_SEARCH_USER_PATHS = NO;
				CLANG_CXX_LANGUAGE_STANDARD = "gnu++0x";
				CLANG_CXX_LIBRARY = "libc++";
				CLANG_ENABLE_MODULES = YES;
				CLANG_ENABLE_OBJC_ARC = YES;
				CLANG_WARN_BOOL_CONVERSION = YES;
				CLANG_WARN_CONSTANT_CONVERSION = YES;
				CLANG_WARN_DIRECT_OBJC_ISA_USAGE = YES_ERROR;
				CLANG_WARN_EMPTY_BODY = YES;
				CLANG_WARN_ENUM_CONVERSION = YES;
				CLANG_WARN_INT_CONVERSION = YES;
				CLANG_WARN_OBJC_ROOT_CLASS = YES_ERROR;
				CLANG_WARN_UNREACHABLE_CODE = YES;
				CLANG_WARN__DUPLICATE_METHOD_MATCH = YES;
				"CODE_SIGN_IDENTITY[sdk=iphoneos*]" = "iPhone Developer";
				COPY_PHASE_STRIP = NO;
				DEBUG_INFORMATION_FORMAT = "dwarf-with-dsym";
				ENABLE_STRICT_OBJC_MSGSEND = YES;
				GCC_C_LANGUAGE_STANDARD = gnu99;
				GCC_DYNAMIC_NO_PIC = NO;
				GCC_NO_COMMON_BLOCKS = YES;
				GCC_OPTIMIZATION_LEVEL = 0;
				GCC_PREPROCESSOR_DEFINITIONS = (
					"DEBUG=1",
					"$(inherited)",
				);
				GCC_SYMBOLS_PRIVATE_EXTERN = NO;
				GCC_WARN_64_TO_32_BIT_CONVERSION = YES;
				GCC_WARN_ABOUT_RETURN_TYPE = YES_ERROR;
				GCC_WARN_UNDECLARED_SELECTOR = YES;
				GCC_WARN_UNINITIALIZED_AUTOS = YES_AGGRESSIVE;
				GCC_WARN_UNUSED_FUNCTION = YES;
				GCC_WARN_UNUSED_VARIABLE = YES;
				IPHONEOS_DEPLOYMENT_TARGET = 8.4;
				MTL_ENABLE_DEBUG_INFO = YES;
				ONLY_ACTIVE_ARCH = YES;
				SDKROOT = iphoneos;
			};
			name = Debug;
		};
		DE2B2B521BCD717D00505B95 /* Release */ = {
			isa = XCBuildConfiguration;
			buildSettings = {
				ALWAYS_SEARCH_USER_PATHS = NO;
				CLANG_CXX_LANGUAGE_STANDARD = "gnu++0x";
				CLANG_CXX_LIBRARY = "libc++";
				CLANG_ENABLE_MODULES = YES;
				CLANG_ENABLE_OBJC_ARC = YES;
				CLANG_WARN_BOOL_CONVERSION = YES;
				CLANG_WARN_CONSTANT_CONVERSION = YES;
				CLANG_WARN_DIRECT_OBJC_ISA_USAGE = YES_ERROR;
				CLANG_WARN_EMPTY_BODY = YES;
				CLANG_WARN_ENUM_CONVERSION = YES;
				CLANG_WARN_INT_CONVERSION = YES;
				CLANG_WARN_OBJC_ROOT_CLASS = YES_ERROR;
				CLANG_WARN_UNREACHABLE_CODE = YES;
				CLANG_WARN__DUPLICATE_METHOD_MATCH = YES;
				"CODE_SIGN_IDENTITY[sdk=iphoneos*]" = "iPhone Developer";
				COPY_PHASE_STRIP = NO;
				DEBUG_INFORMATION_FORMAT = "dwarf-with-dsym";
				ENABLE_NS_ASSERTIONS = NO;
				ENABLE_STRICT_OBJC_MSGSEND = YES;
				GCC_C_LANGUAGE_STANDARD = gnu99;
				GCC_NO_COMMON_BLOCKS = YES;
				GCC_WARN_64_TO_32_BIT_CONVERSION = YES;
				GCC_WARN_ABOUT_RETURN_TYPE = YES_ERROR;
				GCC_WARN_UNDECLARED_SELECTOR = YES;
				GCC_WARN_UNINITIALIZED_AUTOS = YES_AGGRESSIVE;
				GCC_WARN_UNUSED_FUNCTION = YES;
				GCC_WARN_UNUSED_VARIABLE = YES;
				IPHONEOS_DEPLOYMENT_TARGET = 8.4;
				MTL_ENABLE_DEBUG_INFO = NO;
				SDKROOT = iphoneos;
				VALIDATE_PRODUCT = YES;
			};
			name = Release;
		};
		DE2B2B541BCD717D00505B95 /* Debug */ = {
			isa = XCBuildConfiguration;
			buildSettings = {
				ASSETCATALOG_COMPILER_APPICON_NAME = AppIcon;
				INFOPLIST_FILE = "Student Assistant/Info.plist";
				LD_RUNPATH_SEARCH_PATHS = "$(inherited) @executable_path/Frameworks";
				PRODUCT_NAME = "$(TARGET_NAME)";
			};
			name = Debug;
		};
		DE2B2B551BCD717D00505B95 /* Release */ = {
			isa = XCBuildConfiguration;
			buildSettings = {
				ASSETCATALOG_COMPILER_APPICON_NAME = AppIcon;
				INFOPLIST_FILE = "Student Assistant/Info.plist";
				LD_RUNPATH_SEARCH_PATHS = "$(inherited) @executable_path/Frameworks";
				PRODUCT_NAME = "$(TARGET_NAME)";
			};
			name = Release;
		};
		DE2B2B571BCD717D00505B95 /* Debug */ = {
			isa = XCBuildConfiguration;
			buildSettings = {
				BUNDLE_LOADER = "$(TEST_HOST)";
				FRAMEWORK_SEARCH_PATHS = (
					"$(SDKROOT)/Developer/Library/Frameworks",
					"$(inherited)",
				);
				GCC_PREPROCESSOR_DEFINITIONS = (
					"DEBUG=1",
					"$(inherited)",
				);
				INFOPLIST_FILE = "Student AssistantTests/Info.plist";
				LD_RUNPATH_SEARCH_PATHS = "$(inherited) @executable_path/Frameworks @loader_path/Frameworks";
				PRODUCT_NAME = "$(TARGET_NAME)";
				TEST_HOST = "$(BUILT_PRODUCTS_DIR)/Student Assistant.app/Student Assistant";
			};
			name = Debug;
		};
		DE2B2B581BCD717D00505B95 /* Release */ = {
			isa = XCBuildConfiguration;
			buildSettings = {
				BUNDLE_LOADER = "$(TEST_HOST)";
				FRAMEWORK_SEARCH_PATHS = (
					"$(SDKROOT)/Developer/Library/Frameworks",
					"$(inherited)",
				);
				INFOPLIST_FILE = "Student AssistantTests/Info.plist";
				LD_RUNPATH_SEARCH_PATHS = "$(inherited) @executable_path/Frameworks @loader_path/Frameworks";
				PRODUCT_NAME = "$(TARGET_NAME)";
				TEST_HOST = "$(BUILT_PRODUCTS_DIR)/Student Assistant.app/Student Assistant";
			};
			name = Release;
		};
/* End XCBuildConfiguration section */

/* Begin XCConfigurationList section */
		DE2B2B2B1BCD717D00505B95 /* Build configuration list for PBXProject "Student Assistant" */ = {
			isa = XCConfigurationList;
			buildConfigurations = (
				DE2B2B511BCD717D00505B95 /* Debug */,
				DE2B2B521BCD717D00505B95 /* Release */,
			);
			defaultConfigurationIsVisible = 0;
			defaultConfigurationName = Release;
		};
		DE2B2B531BCD717D00505B95 /* Build configuration list for PBXNativeTarget "Student Assistant" */ = {
			isa = XCConfigurationList;
			buildConfigurations = (
				DE2B2B541BCD717D00505B95 /* Debug */,
				DE2B2B551BCD717D00505B95 /* Release */,
			);
			defaultConfigurationIsVisible = 0;
		};
		DE2B2B561BCD717D00505B95 /* Build configuration list for PBXNativeTarget "Student AssistantTests" */ = {
			isa = XCConfigurationList;
			buildConfigurations = (
				DE2B2B571BCD717D00505B95 /* Debug */,
				DE2B2B581BCD717D00505B95 /* Release */,
			);
			defaultConfigurationIsVisible = 0;
		};
/* End XCConfigurationList section */
	};
	rootObject = DE2B2B281BCD717D00505B95 /* Project object */;
}
